
Microsoft Visual Studio Solution File, Format Version 12.00
# Visual Studio 15
VisualStudioVersion = 15.0.27130.2036
MinimumVisualStudioVersion = 10.0.40219.1
Project("{2150E333-8FDC-42A3-9474-1A3956D46DE8}") = "01-FrontEnd", "01-FrontEnd", "{0745234F-C5D2-498B-A484-F36428F29949}"
EndProject
Project("{FAE04EC0-301F-11D3-BF4B-00C04F79EFBC}") = "FrontEnd", "01-FrontEnd\FrontEnd.csproj", "{BB0D2AD4-4DEC-4A20-A886-361CF3CDF591}"
EndProject
Project("{2150E333-8FDC-42A3-9474-1A3956D46DE8}") = "02-Service", "02-Service", "{9AE8DA2C-06E4-488B-A07F-49E5DAF8A925}"
EndProject
Project("{2150E333-8FDC-42A3-9474-1A3956D46DE8}") = "03-Persistence", "03-Persistence", "{D252B113-D1C4-4DEE-BF50-8B79B4475E2E}"
EndProject
Project("{2150E333-8FDC-42A3-9474-1A3956D46DE8}") = "04-Common", "04-Common", "{843B50DB-4B37-49FA-B37E-73C46B174974}"
EndProject
Project("{2150E333-8FDC-42A3-9474-1A3956D46DE8}") = "05-UnitTest", "05-UnitTest", "{B5D24A7D-3740-4B73-907B-5030E7373814}"
EndProject
Project("{2150E333-8FDC-42A3-9474-1A3956D46DE8}") = "Auth.Service", "Auth.Service", "{5C4E3708-3503-4402-BEAC-3493C530523F}"
EndProject
Project("{2150E333-8FDC-42A3-9474-1A3956D46DE8}") = "service", "service", "{D3D95274-B0D5-4355-9FC0-3F5BA187ABE6}"
EndProject
Project("{FAE04EC0-301F-11D3-BF4B-00C04F79EFBC}") = "Auth.Service", "02-Service\Auth.Service\Auth.Service.csproj", "{5CF83629-6F04-4431-B38D-DDFE77EF58B7}"
EndProject
Project("{FAE04EC0-301F-11D3-BF4B-00C04F79EFBC}") = "Service", "02-Service\Service\Service.csproj", "{28C36359-6BB2-4E51-822F-47ED2319CA5D}"
EndProject
Project("{FAE04EC0-301F-11D3-BF4B-00C04F79EFBC}") = "Persistence.DatabaseContext", "03-Persistence\Persistence.DatabaseContext\Persistence.DatabaseContext.csproj", "{227C2F50-0778-43C1-80EF-7EEEF85005E9}"
EndProject
Project("{FAE04EC0-301F-11D3-BF4B-00C04F79EFBC}") = "Persistence.DbContextScope", "03-Persistence\Persistence.DbContextScope\Persistence.DbContextScope.csproj", "{B8C1BE7C-90AD-4A6B-A8E9-765E6B9DF9FC}"
EndProject
Project("{FAE04EC0-301F-11D3-BF4B-00C04F79EFBC}") = "Persistence.Repository", "03-Persistence\Persistence.Repository\Persistence.Repository.csproj", "{5262083D-877D-4258-9CFE-0576F0437072}"
EndProject
Project("{FAE04EC0-301F-11D3-BF4B-00C04F79EFBC}") = "Common", "04-Common\Common\Common.csproj", "{FC851E96-7275-4D48-A340-9BE06137A8AB}"
EndProject
Project("{FAE04EC0-301F-11D3-BF4B-00C04F79EFBC}") = "Model", "04-Common\Model\Model.csproj", "{0AEBCABD-3B22-41EF-8E0F-8E10866F0EB3}"
EndProject
Project("{FAE04EC0-301F-11D3-BF4B-00C04F79EFBC}") = "UniTestProject", "05-UnitTest\UniTestProject\UniTestProject.csproj", "{2CE9EFE9-93B0-434F-9512-6ABBDA921DD7}"
EndProject
Global
	GlobalSection(SolutionConfigurationPlatforms) = preSolution
		Debug|Any CPU = Debug|Any CPU
		Release|Any CPU = Release|Any CPU
	EndGlobalSection
	GlobalSection(ProjectConfigurationPlatforms) = postSolution
		{BB0D2AD4-4DEC-4A20-A886-361CF3CDF591}.Debug|Any CPU.ActiveCfg = Debug|Any CPU
		{BB0D2AD4-4DEC-4A20-A886-361CF3CDF591}.Debug|Any CPU.Build.0 = Debug|Any CPU
		{BB0D2AD4-4DEC-4A20-A886-361CF3CDF591}.Release|Any CPU.ActiveCfg = Release|Any CPU
		{BB0D2AD4-4DEC-4A20-A886-361CF3CDF591}.Release|Any CPU.Build.0 = Release|Any CPU
		{5CF83629-6F04-4431-B38D-DDFE77EF58B7}.Debug|Any CPU.ActiveCfg = Debug|Any CPU
		{5CF83629-6F04-4431-B38D-DDFE77EF58B7}.Debug|Any CPU.Build.0 = Debug|Any CPU
		{5CF83629-6F04-4431-B38D-DDFE77EF58B7}.Release|Any CPU.ActiveCfg = Release|Any CPU
		{5CF83629-6F04-4431-B38D-DDFE77EF58B7}.Release|Any CPU.Build.0 = Release|Any CPU
		{28C36359-6BB2-4E51-822F-47ED2319CA5D}.Debug|Any CPU.ActiveCfg = Debug|Any CPU
		{28C36359-6BB2-4E51-822F-47ED2319CA5D}.Debug|Any CPU.Build.0 = Debug|Any CPU
		{28C36359-6BB2-4E51-822F-47ED2319CA5D}.Release|Any CPU.ActiveCfg = Release|Any CPU
		{28C36359-6BB2-4E51-822F-47ED2319CA5D}.Release|Any CPU.Build.0 = Release|Any CPU
		{227C2F50-0778-43C1-80EF-7EEEF85005E9}.Debug|Any CPU.ActiveCfg = Debug|Any CPU
		{227C2F50-0778-43C1-80EF-7EEEF85005E9}.Debug|Any CPU.Build.0 = Debug|Any CPU
		{227C2F50-0778-43C1-80EF-7EEEF85005E9}.Release|Any CPU.ActiveCfg = Release|Any CPU
		{227C2F50-0778-43C1-80EF-7EEEF85005E9}.Release|Any CPU.Build.0 = Release|Any CPU
		{B8C1BE7C-90AD-4A6B-A8E9-765E6B9DF9FC}.Debug|Any CPU.ActiveCfg = Debug|Any CPU
		{B8C1BE7C-90AD-4A6B-A8E9-765E6B9DF9FC}.Debug|Any CPU.Build.0 = Debug|Any CPU
		{B8C1BE7C-90AD-4A6B-A8E9-765E6B9DF9FC}.Release|Any CPU.ActiveCfg = Release|Any CPU
		{B8C1BE7C-90AD-4A6B-A8E9-765E6B9DF9FC}.Release|Any CPU.Build.0 = Release|Any CPU
		{5262083D-877D-4258-9CFE-0576F0437072}.Debug|Any CPU.ActiveCfg = Debug|Any CPU
		{5262083D-877D-4258-9CFE-0576F0437072}.Debug|Any CPU.Build.0 = Debug|Any CPU
		{5262083D-877D-4258-9CFE-0576F0437072}.Release|Any CPU.ActiveCfg = Release|Any CPU
		{5262083D-877D-4258-9CFE-0576F0437072}.Release|Any CPU.Build.0 = Release|Any CPU
		{FC851E96-7275-4D48-A340-9BE06137A8AB}.Debug|Any CPU.ActiveCfg = Debug|Any CPU
		{FC851E96-7275-4D48-A340-9BE06137A8AB}.Debug|Any CPU.Build.0 = Debug|Any CPU
		{FC851E96-7275-4D48-A340-9BE06137A8AB}.Release|Any CPU.ActiveCfg = Release|Any CPU
		{FC851E96-7275-4D48-A340-9BE06137A8AB}.Release|Any CPU.Build.0 = Release|Any CPU
		{0AEBCABD-3B22-41EF-8E0F-8E10866F0EB3}.Debug|Any CPU.ActiveCfg = Debug|Any CPU
		{0AEBCABD-3B22-41EF-8E0F-8E10866F0EB3}.Debug|Any CPU.Build.0 = Debug|Any CPU
		{0AEBCABD-3B22-41EF-8E0F-8E10866F0EB3}.Release|Any CPU.ActiveCfg = Release|Any CPU
		{0AEBCABD-3B22-41EF-8E0F-8E10866F0EB3}.Release|Any CPU.Build.0 = Release|Any CPU
		{2CE9EFE9-93B0-434F-9512-6ABBDA921DD7}.Debug|Any CPU.ActiveCfg = Debug|Any CPU
		{2CE9EFE9-93B0-434F-9512-6ABBDA921DD7}.Debug|Any CPU.Build.0 = Debug|Any CPU
		{2CE9EFE9-93B0-434F-9512-6ABBDA921DD7}.Release|Any CPU.ActiveCfg = Release|Any CPU
		{2CE9EFE9-93B0-434F-9512-6ABBDA921DD7}.Release|Any CPU.Build.0 = Release|Any CPU
	EndGlobalSection
	GlobalSection(SolutionProperties) = preSolution
		HideSolutionNode = FALSE
	EndGlobalSection
	GlobalSection(NestedProjects) = preSolution
		{BB0D2AD4-4DEC-4A20-A886-361CF3CDF591} = {0745234F-C5D2-498B-A484-F36428F29949}
		{5C4E3708-3503-4402-BEAC-3493C530523F} = {9AE8DA2C-06E4-488B-A07F-49E5DAF8A925}
		{D3D95274-B0D5-4355-9FC0-3F5BA187ABE6} = {9AE8DA2C-06E4-488B-A07F-49E5DAF8A925}
		{5CF83629-6F04-4431-B38D-DDFE77EF58B7} = {5C4E3708-3503-4402-BEAC-3493C530523F}
		{28C36359-6BB2-4E51-822F-47ED2319CA5D} = {D3D95274-B0D5-4355-9FC0-3F5BA187ABE6}
		{227C2F50-0778-43C1-80EF-7EEEF85005E9} = {D252B113-D1C4-4DEE-BF50-8B79B4475E2E}
		{B8C1BE7C-90AD-4A6B-A8E9-765E6B9DF9FC} = {D252B113-D1C4-4DEE-BF50-8B79B4475E2E}
		{5262083D-877D-4258-9CFE-0576F0437072} = {D252B113-D1C4-4DEE-BF50-8B79B4475E2E}
		{FC851E96-7275-4D48-A340-9BE06137A8AB} = {843B50DB-4B37-49FA-B37E-73C46B174974}
		{0AEBCABD-3B22-41EF-8E0F-8E10866F0EB3} = {843B50DB-4B37-49FA-B37E-73C46B174974}
		{2CE9EFE9-93B0-434F-9512-6ABBDA921DD7} = {B5D24A7D-3740-4B73-907B-5030E7373814}
	EndGlobalSection
	GlobalSection(ExtensibilityGlobals) = postSolution
		SolutionGuid = {831C6AED-151E-4CC8-809B-112A1F787D0B}
	EndGlobalSection
EndGlobal
